
Microsoft Visual Studio Solution File, Format Version 12.00
# Visual Studio 15
VisualStudioVersion = 15.0.28010.2036
MinimumVisualStudioVersion = 10.0.40219.1
Project("{FAE04EC0-301F-11D3-BF4B-00C04F79EFBC}") = "restClient", "restClient\restClient.csproj", "{B27CD349-B1FC-4DAA-BD5C-254569BBAD73}"
EndProject
Global
	GlobalSection(SolutionConfigurationPlatforms) = preSolution
		Debug|Any CPU = Debug|Any CPU
		Release|Any CPU = Release|Any CPU
	EndGlobalSection
	GlobalSection(ProjectConfigurationPlatforms) = postSolution
		{B27CD349-B1FC-4DAA-BD5C-254569BBAD73}.Debug|Any CPU.ActiveCfg = Debug|Any CPU
		{B27CD349-B1FC-4DAA-BD5C-254569BBAD73}.Debug|Any CPU.Build.0 = Debug|Any CPU
		{B27CD349-B1FC-4DAA-BD5C-254569BBAD73}.Release|Any CPU.ActiveCfg = Release|Any CPU
		{B27CD349-B1FC-4DAA-BD5C-254569BBAD73}.Release|Any CPU.Build.0 = Release|Any CPU
	EndGlobalSection
	GlobalSection(SolutionProperties) = preSolution
		HideSolutionNode = FALSE
	EndGlobalSection
	GlobalSection(ExtensibilityGlobals) = postSolution
		SolutionGuid = {0F78DBB5-2EEB-4427-B523-D904368703A0}
	EndGlobalSection
EndGlobal
